
Microsoft Visual Studio Solution File, Format Version 12.00
# Visual Studio 15
VisualStudioVersion = 15.0.28010.2046
MinimumVisualStudioVersion = 10.0.40219.1
Project("{FAE04EC0-301F-11D3-BF4B-00C04F79EFBC}") = "kelompok39.Android", "kelompok39\kelompok39.Android\kelompok39.Android.csproj", "{FC12AA5F-C58C-429D-B175-3F4A38982C28}"
EndProject
Project("{FAE04EC0-301F-11D3-BF4B-00C04F79EFBC}") = "kelompok39.iOS", "kelompok39\kelompok39.iOS\kelompok39.iOS.csproj", "{468A6876-E848-4B77-B966-3117333FCEDB}"
EndProject
Project("{FAE04EC0-301F-11D3-BF4B-00C04F79EFBC}") = "kelompok39.UWP", "kelompok39\kelompok39.UWP\kelompok39.UWP.csproj", "{C51FA13F-DC29-422B-B9E0-93AA8B31486E}"
EndProject
Project("{FAE04EC0-301F-11D3-BF4B-00C04F79EFBC}") = "kelompok39", "kelompok39\kelompok39\kelompok39.csproj", "{18E15476-0E7B-4E6A-97AF-3CA6EDB56015}"
EndProject
Global
	GlobalSection(SolutionConfigurationPlatforms) = preSolution
		Ad-Hoc|Any CPU = Ad-Hoc|Any CPU
		Ad-Hoc|ARM = Ad-Hoc|ARM
		Ad-Hoc|iPhone = Ad-Hoc|iPhone
		Ad-Hoc|iPhoneSimulator = Ad-Hoc|iPhoneSimulator
		Ad-Hoc|x64 = Ad-Hoc|x64
		Ad-Hoc|x86 = Ad-Hoc|x86
		AppStore|Any CPU = AppStore|Any CPU
		AppStore|ARM = AppStore|ARM
		AppStore|iPhone = AppStore|iPhone
		AppStore|iPhoneSimulator = AppStore|iPhoneSimulator
		AppStore|x64 = AppStore|x64
		AppStore|x86 = AppStore|x86
		Debug|Any CPU = Debug|Any CPU
		Debug|ARM = Debug|ARM
		Debug|iPhone = Debug|iPhone
		Debug|iPhoneSimulator = Debug|iPhoneSimulator
		Debug|x64 = Debug|x64
		Debug|x86 = Debug|x86
		Release|Any CPU = Release|Any CPU
		Release|ARM = Release|ARM
		Release|iPhone = Release|iPhone
		Release|iPhoneSimulator = Release|iPhoneSimulator
		Release|x64 = Release|x64
		Release|x86 = Release|x86
	EndGlobalSection
	GlobalSection(ProjectConfigurationPlatforms) = postSolution
		{FC12AA5F-C58C-429D-B175-3F4A38982C28}.Ad-Hoc|Any CPU.ActiveCfg = Release|Any CPU
		{FC12AA5F-C58C-429D-B175-3F4A38982C28}.Ad-Hoc|Any CPU.Build.0 = Release|Any CPU
		{FC12AA5F-C58C-429D-B175-3F4A38982C28}.Ad-Hoc|Any CPU.Deploy.0 = Release|Any CPU
		{FC12AA5F-C58C-429D-B175-3F4A38982C28}.Ad-Hoc|ARM.ActiveCfg = Release|Any CPU
		{FC12AA5F-C58C-429D-B175-3F4A38982C28}.Ad-Hoc|ARM.Build.0 = Release|Any CPU
		{FC12AA5F-C58C-429D-B175-3F4A38982C28}.Ad-Hoc|ARM.Deploy.0 = Release|Any CPU
		{FC12AA5F-C58C-429D-B175-3F4A38982C28}.Ad-Hoc|iPhone.ActiveCfg = Release|Any CPU
		{FC12AA5F-C58C-429D-B175-3F4A38982C28}.Ad-Hoc|iPhone.Build.0 = Release|Any CPU
		{FC12AA5F-C58C-429D-B175-3F4A38982C28}.Ad-Hoc|iPhone.Deploy.0 = Release|Any CPU
		{FC12AA5F-C58C-429D-B175-3F4A38982C28}.Ad-Hoc|iPhoneSimulator.ActiveCfg = Release|Any CPU
		{FC12AA5F-C58C-429D-B175-3F4A38982C28}.Ad-Hoc|iPhoneSimulator.Build.0 = Release|Any CPU
		{FC12AA5F-C58C-429D-B175-3F4A38982C28}.Ad-Hoc|iPhoneSimulator.Deploy.0 = Release|Any CPU
		{FC12AA5F-C58C-429D-B175-3F4A38982C28}.Ad-Hoc|x64.ActiveCfg = Release|Any CPU
		{FC12AA5F-C58C-429D-B175-3F4A38982C28}.Ad-Hoc|x64.Build.0 = Release|Any CPU
		{FC12AA5F-C58C-429D-B175-3F4A38982C28}.Ad-Hoc|x64.Deploy.0 = Release|Any CPU
		{FC12AA5F-C58C-429D-B175-3F4A38982C28}.Ad-Hoc|x86.ActiveCfg = Release|Any CPU
		{FC12AA5F-C58C-429D-B175-3F4A38982C28}.Ad-Hoc|x86.Build.0 = Release|Any CPU
		{FC12AA5F-C58C-429D-B175-3F4A38982C28}.Ad-Hoc|x86.Deploy.0 = Release|Any CPU
		{FC12AA5F-C58C-429D-B175-3F4A38982C28}.AppStore|Any CPU.ActiveCfg = Release|Any CPU
		{FC12AA5F-C58C-429D-B175-3F4A38982C28}.AppStore|Any CPU.Build.0 = Release|Any CPU
		{FC12AA5F-C58C-429D-B175-3F4A38982C28}.AppStore|Any CPU.Deploy.0 = Release|Any CPU
		{FC12AA5F-C58C-429D-B175-3F4A38982C28}.AppStore|ARM.ActiveCfg = Release|Any CPU
		{FC12AA5F-C58C-429D-B175-3F4A38982C28}.AppStore|ARM.Build.0 = Release|Any CPU
		{FC12AA5F-C58C-429D-B175-3F4A38982C28}.AppStore|ARM.Deploy.0 = Release|Any CPU
		{FC12AA5F-C58C-429D-B175-3F4A38982C28}.AppStore|iPhone.ActiveCfg = Release|Any CPU
		{FC12AA5F-C58C-429D-B175-3F4A38982C28}.AppStore|iPhone.Build.0 = Release|Any CPU
		{FC12AA5F-C58C-429D-B175-3F4A38982C28}.AppStore|iPhone.Deploy.0 = Release|Any CPU
		{FC12AA5F-C58C-429D-B175-3F4A38982C28}.AppStore|iPhoneSimulator.ActiveCfg = Release|Any CPU
		{FC12AA5F-C58C-429D-B175-3F4A38982C28}.AppStore|iPhoneSimulator.Build.0 = Release|Any CPU
		{FC12AA5F-C58C-429D-B175-3F4A38982C28}.AppStore|iPhoneSimulator.Deploy.0 = Release|Any CPU
		{FC12AA5F-C58C-429D-B175-3F4A38982C28}.AppStore|x64.ActiveCfg = Release|Any CPU
		{FC12AA5F-C58C-429D-B175-3F4A38982C28}.AppStore|x64.Build.0 = Release|Any CPU
		{FC12AA5F-C58C-429D-B175-3F4A38982C28}.AppStore|x64.Deploy.0 = Release|Any CPU
		{FC12AA5F-C58C-429D-B175-3F4A38982C28}.AppStore|x86.ActiveCfg = Release|Any CPU
		{FC12AA5F-C58C-429D-B175-3F4A38982C28}.AppStore|x86.Build.0 = Release|Any CPU
		{FC12AA5F-C58C-429D-B175-3F4A38982C28}.AppStore|x86.Deploy.0 = Release|Any CPU
		{FC12AA5F-C58C-429D-B175-3F4A38982C28}.Debug|Any CPU.ActiveCfg = Debug|Any CPU
		{FC12AA5F-C58C-429D-B175-3F4A38982C28}.Debug|Any CPU.Build.0 = Debug|Any CPU
		{FC12AA5F-C58C-429D-B175-3F4A38982C28}.Debug|Any CPU.Deploy.0 = Debug|Any CPU
		{FC12AA5F-C58C-429D-B175-3F4A38982C28}.Debug|ARM.ActiveCfg = Debug|Any CPU
		{FC12AA5F-C58C-429D-B175-3F4A38982C28}.Debug|ARM.Build.0 = Debug|Any CPU
		{FC12AA5F-C58C-429D-B175-3F4A38982C28}.Debug|ARM.Deploy.0 = Debug|Any CPU
		{FC12AA5F-C58C-429D-B175-3F4A38982C28}.Debug|iPhone.ActiveCfg = Debug|Any CPU
		{FC12AA5F-C58C-429D-B175-3F4A38982C28}.Debug|iPhone.Build.0 = Debug|Any CPU
		{FC12AA5F-C58C-429D-B175-3F4A38982C28}.Debug|iPhone.Deploy.0 = Debug|Any CPU
		{FC12AA5F-C58C-429D-B175-3F4A38982C28}.Debug|iPhoneSimulator.ActiveCfg = Debug|Any CPU
		{FC12AA5F-C58C-429D-B175-3F4A38982C28}.Debug|iPhoneSimulator.Build.0 = Debug|Any CPU
		{FC12AA5F-C58C-429D-B175-3F4A38982C28}.Debug|iPhoneSimulator.Deploy.0 = Debug|Any CPU
		{FC12AA5F-C58C-429D-B175-3F4A38982C28}.Debug|x64.ActiveCfg = Debug|Any CPU
		{FC12AA5F-C58C-429D-B175-3F4A38982C28}.Debug|x64.Build.0 = Debug|Any CPU
		{FC12AA5F-C58C-429D-B175-3F4A38982C28}.Debug|x64.Deploy.0 = Debug|Any CPU
		{FC12AA5F-C58C-429D-B175-3F4A38982C28}.Debug|x86.ActiveCfg = Debug|Any CPU
		{FC12AA5F-C58C-429D-B175-3F4A38982C28}.Debug|x86.Build.0 = Debug|Any CPU
		{FC12AA5F-C58C-429D-B175-3F4A38982C28}.Debug|x86.Deploy.0 = Debug|Any CPU
		{FC12AA5F-C58C-429D-B175-3F4A38982C28}.Release|Any CPU.ActiveCfg = Release|Any CPU
		{FC12AA5F-C58C-429D-B175-3F4A38982C28}.Release|Any CPU.Build.0 = Release|Any CPU
		{FC12AA5F-C58C-429D-B175-3F4A38982C28}.Release|Any CPU.Deploy.0 = Release|Any CPU
		{FC12AA5F-C58C-429D-B175-3F4A38982C28}.Release|ARM.ActiveCfg = Release|Any CPU
		{FC12AA5F-C58C-429D-B175-3F4A38982C28}.Release|ARM.Build.0 = Release|Any CPU
		{FC12AA5F-C58C-429D-B175-3F4A38982C28}.Release|ARM.Deploy.0 = Release|Any CPU
		{FC12AA5F-C58C-429D-B175-3F4A38982C28}.Release|iPhone.ActiveCfg = Release|Any CPU
		{FC12AA5F-C58C-429D-B175-3F4A38982C28}.Release|iPhone.Build.0 = Release|Any CPU
		{FC12AA5F-C58C-429D-B175-3F4A38982C28}.Release|iPhone.Deploy.0 = Release|Any CPU
		{FC12AA5F-C58C-429D-B175-3F4A38982C28}.Release|iPhoneSimulator.ActiveCfg = Release|Any CPU
		{FC12AA5F-C58C-429D-B175-3F4A38982C28}.Release|iPhoneSimulator.Build.0 = Release|Any CPU
		{FC12AA5F-C58C-429D-B175-3F4A38982C28}.Release|iPhoneSimulator.Deploy.0 = Release|Any CPU
		{FC12AA5F-C58C-429D-B175-3F4A38982C28}.Release|x64.ActiveCfg = Release|Any CPU
		{FC12AA5F-C58C-429D-B175-3F4A38982C28}.Release|x64.Build.0 = Release|Any CPU
		{FC12AA5F-C58C-429D-B175-3F4A38982C28}.Release|x64.Deploy.0 = Release|Any CPU
		{FC12AA5F-C58C-429D-B175-3F4A38982C28}.Release|x86.ActiveCfg = Release|Any CPU
		{FC12AA5F-C58C-429D-B175-3F4A38982C28}.Release|x86.Build.0 = Release|Any CPU
		{FC12AA5F-C58C-429D-B175-3F4A38982C28}.Release|x86.Deploy.0 = Release|Any CPU
		{468A6876-E848-4B77-B966-3117333FCEDB}.Ad-Hoc|Any CPU.ActiveCfg = Ad-Hoc|iPhone
		{468A6876-E848-4B77-B966-3117333FCEDB}.Ad-Hoc|Any CPU.Build.0 = Ad-Hoc|iPhone
		{468A6876-E848-4B77-B966-3117333FCEDB}.Ad-Hoc|Any CPU.Deploy.0 = Ad-Hoc|iPhone
		{468A6876-E848-4B77-B966-3117333FCEDB}.Ad-Hoc|ARM.ActiveCfg = Ad-Hoc|iPhone
		{468A6876-E848-4B77-B966-3117333FCEDB}.Ad-Hoc|ARM.Build.0 = Ad-Hoc|iPhone
		{468A6876-E848-4B77-B966-3117333FCEDB}.Ad-Hoc|ARM.Deploy.0 = Ad-Hoc|iPhone
		{468A6876-E848-4B77-B966-3117333FCEDB}.Ad-Hoc|iPhone.ActiveCfg = Ad-Hoc|iPhone
		{468A6876-E848-4B77-B966-3117333FCEDB}.Ad-Hoc|iPhone.Build.0 = Ad-Hoc|iPhone
		{468A6876-E848-4B77-B966-3117333FCEDB}.Ad-Hoc|iPhone.Deploy.0 = Ad-Hoc|iPhone
		{468A6876-E848-4B77-B966-3117333FCEDB}.Ad-Hoc|iPhoneSimulator.ActiveCfg = Ad-Hoc|iPhoneSimulator
		{468A6876-E848-4B77-B966-3117333FCEDB}.Ad-Hoc|iPhoneSimulator.Build.0 = Ad-Hoc|iPhoneSimulator
		{468A6876-E848-4B77-B966-3117333FCEDB}.Ad-Hoc|iPhoneSimulator.Deploy.0 = Ad-Hoc|iPhoneSimulator
		{468A6876-E848-4B77-B966-3117333FCEDB}.Ad-Hoc|x64.ActiveCfg = Ad-Hoc|iPhone
		{468A6876-E848-4B77-B966-3117333FCEDB}.Ad-Hoc|x64.Build.0 = Ad-Hoc|iPhone
		{468A6876-E848-4B77-B966-3117333FCEDB}.Ad-Hoc|x64.Deploy.0 = Ad-Hoc|iPhone
		{468A6876-E848-4B77-B966-3117333FCEDB}.Ad-Hoc|x86.ActiveCfg = Ad-Hoc|iPhone
		{468A6876-E848-4B77-B966-3117333FCEDB}.Ad-Hoc|x86.Build.0 = Ad-Hoc|iPhone
		{468A6876-E848-4B77-B966-3117333FCEDB}.Ad-Hoc|x86.Deploy.0 = Ad-Hoc|iPhone
		{468A6876-E848-4B77-B966-3117333FCEDB}.AppStore|Any CPU.ActiveCfg = AppStore|iPhone
		{468A6876-E848-4B77-B966-3117333FCEDB}.AppStore|Any CPU.Build.0 = AppStore|iPhone
		{468A6876-E848-4B77-B966-3117333FCEDB}.AppStore|Any CPU.Deploy.0 = AppStore|iPhone
		{468A6876-E848-4B77-B966-3117333FCEDB}.AppStore|ARM.ActiveCfg = AppStore|iPhone
		{468A6876-E848-4B77-B966-3117333FCEDB}.AppStore|ARM.Build.0 = AppStore|iPhone
		{468A6876-E848-4B77-B966-3117333FCEDB}.AppStore|ARM.Deploy.0 = AppStore|iPhone
		{468A6876-E848-4B77-B966-3117333FCEDB}.AppStore|iPhone.ActiveCfg = AppStore|iPhone
		{468A6876-E848-4B77-B966-3117333FCEDB}.AppStore|iPhone.Build.0 = AppStore|iPhone
		{468A6876-E848-4B77-B966-3117333FCEDB}.AppStore|iPhone.Deploy.0 = AppStore|iPhone
		{468A6876-E848-4B77-B966-3117333FCEDB}.AppStore|iPhoneSimulator.ActiveCfg = AppStore|iPhoneSimulator
		{468A6876-E848-4B77-B966-3117333FCEDB}.AppStore|iPhoneSimulator.Build.0 = AppStore|iPhoneSimulator
		{468A6876-E848-4B77-B966-3117333FCEDB}.AppStore|iPhoneSimulator.Deploy.0 = AppStore|iPhoneSimulator
		{468A6876-E848-4B77-B966-3117333FCEDB}.AppStore|x64.ActiveCfg = AppStore|iPhone
		{468A6876-E848-4B77-B966-3117333FCEDB}.AppStore|x64.Build.0 = AppStore|iPhone
		{468A6876-E848-4B77-B966-3117333FCEDB}.AppStore|x64.Deploy.0 = AppStore|iPhone
		{468A6876-E848-4B77-B966-3117333FCEDB}.AppStore|x86.ActiveCfg = AppStore|iPhone
		{468A6876-E848-4B77-B966-3117333FCEDB}.AppStore|x86.Build.0 = AppStore|iPhone
		{468A6876-E848-4B77-B966-3117333FCEDB}.AppStore|x86.Deploy.0 = AppStore|iPhone
		{468A6876-E848-4B77-B966-3117333FCEDB}.Debug|Any CPU.ActiveCfg = Debug|iPhoneSimulator
		{468A6876-E848-4B77-B966-3117333FCEDB}.Debug|Any CPU.Build.0 = Debug|iPhoneSimulator
		{468A6876-E848-4B77-B966-3117333FCEDB}.Debug|Any CPU.Deploy.0 = Debug|iPhoneSimulator
		{468A6876-E848-4B77-B966-3117333FCEDB}.Debug|ARM.ActiveCfg = Debug|iPhone
		{468A6876-E848-4B77-B966-3117333FCEDB}.Debug|ARM.Build.0 = Debug|iPhone
		{468A6876-E848-4B77-B966-3117333FCEDB}.Debug|ARM.Deploy.0 = Debug|iPhone
		{468A6876-E848-4B77-B966-3117333FCEDB}.Debug|iPhone.ActiveCfg = Debug|iPhone
		{468A6876-E848-4B77-B966-3117333FCEDB}.Debug|iPhone.Build.0 = Debug|iPhone
		{468A6876-E848-4B77-B966-3117333FCEDB}.Debug|iPhone.Deploy.0 = Debug|iPhone
		{468A6876-E848-4B77-B966-3117333FCEDB}.Debug|iPhoneSimulator.ActiveCfg = Debug|iPhoneSimulator
		{468A6876-E848-4B77-B966-3117333FCEDB}.Debug|iPhoneSimulator.Build.0 = Debug|iPhoneSimulator
		{468A6876-E848-4B77-B966-3117333FCEDB}.Debug|iPhoneSimulator.Deploy.0 = Debug|iPhoneSimulator
		{468A6876-E848-4B77-B966-3117333FCEDB}.Debug|x64.ActiveCfg = Debug|iPhone
		{468A6876-E848-4B77-B966-3117333FCEDB}.Debug|x64.Build.0 = Debug|iPhone
		{468A6876-E848-4B77-B966-3117333FCEDB}.Debug|x64.Deploy.0 = Debug|iPhone
		{468A6876-E848-4B77-B966-3117333FCEDB}.Debug|x86.ActiveCfg = Debug|iPhone
		{468A6876-E848-4B77-B966-3117333FCEDB}.Debug|x86.Build.0 = Debug|iPhone
		{468A6876-E848-4B77-B966-3117333FCEDB}.Debug|x86.Deploy.0 = Debug|iPhone
		{468A6876-E848-4B77-B966-3117333FCEDB}.Release|Any CPU.ActiveCfg = Release|iPhone
		{468A6876-E848-4B77-B966-3117333FCEDB}.Release|Any CPU.Build.0 = Release|iPhone
		{468A6876-E848-4B77-B966-3117333FCEDB}.Release|Any CPU.Deploy.0 = Release|iPhone
		{468A6876-E848-4B77-B966-3117333FCEDB}.Release|ARM.ActiveCfg = Release|iPhone
		{468A6876-E848-4B77-B966-3117333FCEDB}.Release|ARM.Build.0 = Release|iPhone
		{468A6876-E848-4B77-B966-3117333FCEDB}.Release|ARM.Deploy.0 = Release|iPhone
		{468A6876-E848-4B77-B966-3117333FCEDB}.Release|iPhone.ActiveCfg = Release|iPhone
		{468A6876-E848-4B77-B966-3117333FCEDB}.Release|iPhone.Build.0 = Release|iPhone
		{468A6876-E848-4B77-B966-3117333FCEDB}.Release|iPhone.Deploy.0 = Release|iPhone
		{468A6876-E848-4B77-B966-3117333FCEDB}.Release|iPhoneSimulator.ActiveCfg = Release|iPhoneSimulator
		{468A6876-E848-4B77-B966-3117333FCEDB}.Release|iPhoneSimulator.Build.0 = Release|iPhoneSimulator
		{468A6876-E848-4B77-B966-3117333FCEDB}.Release|iPhoneSimulator.Deploy.0 = Release|iPhoneSimulator
		{468A6876-E848-4B77-B966-3117333FCEDB}.Release|x64.ActiveCfg = Release|iPhone
		{468A6876-E848-4B77-B966-3117333FCEDB}.Release|x64.Build.0 = Release|iPhone
		{468A6876-E848-4B77-B966-3117333FCEDB}.Release|x64.Deploy.0 = Release|iPhone
		{468A6876-E848-4B77-B966-3117333FCEDB}.Release|x86.ActiveCfg = Release|iPhone
		{468A6876-E848-4B77-B966-3117333FCEDB}.Release|x86.Build.0 = Release|iPhone
		{468A6876-E848-4B77-B966-3117333FCEDB}.Release|x86.Deploy.0 = Release|iPhone
		{C51FA13F-DC29-422B-B9E0-93AA8B31486E}.Ad-Hoc|Any CPU.ActiveCfg = Release|x86
		{C51FA13F-DC29-422B-B9E0-93AA8B31486E}.Ad-Hoc|Any CPU.Build.0 = Release|x86
		{C51FA13F-DC29-422B-B9E0-93AA8B31486E}.Ad-Hoc|Any CPU.Deploy.0 = Release|x86
		{C51FA13F-DC29-422B-B9E0-93AA8B31486E}.Ad-Hoc|ARM.ActiveCfg = Release|ARM
		{C51FA13F-DC29-422B-B9E0-93AA8B31486E}.Ad-Hoc|ARM.Build.0 = Release|ARM
		{C51FA13F-DC29-422B-B9E0-93AA8B31486E}.Ad-Hoc|ARM.Deploy.0 = Release|ARM
		{C51FA13F-DC29-422B-B9E0-93AA8B31486E}.Ad-Hoc|iPhone.ActiveCfg = Release|x86
		{C51FA13F-DC29-422B-B9E0-93AA8B31486E}.Ad-Hoc|iPhone.Build.0 = Release|x86
		{C51FA13F-DC29-422B-B9E0-93AA8B31486E}.Ad-Hoc|iPhone.Deploy.0 = Release|x86
		{C51FA13F-DC29-422B-B9E0-93AA8B31486E}.Ad-Hoc|iPhoneSimulator.ActiveCfg = Release|x86
		{C51FA13F-DC29-422B-B9E0-93AA8B31486E}.Ad-Hoc|iPhoneSimulator.Build.0 = Release|x86
		{C51FA13F-DC29-422B-B9E0-93AA8B31486E}.Ad-Hoc|iPhoneSimulator.Deploy.0 = Release|x86
		{C51FA13F-DC29-422B-B9E0-93AA8B31486E}.Ad-Hoc|x64.ActiveCfg = Release|x64
		{C51FA13F-DC29-422B-B9E0-93AA8B31486E}.Ad-Hoc|x64.Build.0 = Release|x64
		{C51FA13F-DC29-422B-B9E0-93AA8B31486E}.Ad-Hoc|x64.Deploy.0 = Release|x64
		{C51FA13F-DC29-422B-B9E0-93AA8B31486E}.Ad-Hoc|x86.ActiveCfg = Release|x86
		{C51FA13F-DC29-422B-B9E0-93AA8B31486E}.Ad-Hoc|x86.Build.0 = Release|x86
		{C51FA13F-DC29-422B-B9E0-93AA8B31486E}.Ad-Hoc|x86.Deploy.0 = Release|x86
		{C51FA13F-DC29-422B-B9E0-93AA8B31486E}.AppStore|Any CPU.ActiveCfg = Release|x86
		{C51FA13F-DC29-422B-B9E0-93AA8B31486E}.AppStore|Any CPU.Build.0 = Release|x86
		{C51FA13F-DC29-422B-B9E0-93AA8B31486E}.AppStore|Any CPU.Deploy.0 = Release|x86
		{C51FA13F-DC29-422B-B9E0-93AA8B31486E}.AppStore|ARM.ActiveCfg = Release|ARM
		{C51FA13F-DC29-422B-B9E0-93AA8B31486E}.AppStore|ARM.Build.0 = Release|ARM
		{C51FA13F-DC29-422B-B9E0-93AA8B31486E}.AppStore|ARM.Deploy.0 = Release|ARM
		{C51FA13F-DC29-422B-B9E0-93AA8B31486E}.AppStore|iPhone.ActiveCfg = Release|x86
		{C51FA13F-DC29-422B-B9E0-93AA8B31486E}.AppStore|iPhone.Build.0 = Release|x86
		{C51FA13F-DC29-422B-B9E0-93AA8B31486E}.AppStore|iPhone.Deploy.0 = Release|x86
		{C51FA13F-DC29-422B-B9E0-93AA8B31486E}.AppStore|iPhoneSimulator.ActiveCfg = Release|x86
		{C51FA13F-DC29-422B-B9E0-93AA8B31486E}.AppStore|iPhoneSimulator.Build.0 = Release|x86
		{C51FA13F-DC29-422B-B9E0-93AA8B31486E}.AppStore|iPhoneSimulator.Deploy.0 = Release|x86
		{C51FA13F-DC29-422B-B9E0-93AA8B31486E}.AppStore|x64.ActiveCfg = Release|x64
		{C51FA13F-DC29-422B-B9E0-93AA8B31486E}.AppStore|x64.Build.0 = Release|x64
		{C51FA13F-DC29-422B-B9E0-93AA8B31486E}.AppStore|x64.Deploy.0 = Release|x64
		{C51FA13F-DC29-422B-B9E0-93AA8B31486E}.AppStore|x86.ActiveCfg = Release|x86
		{C51FA13F-DC29-422B-B9E0-93AA8B31486E}.AppStore|x86.Build.0 = Release|x86
		{C51FA13F-DC29-422B-B9E0-93AA8B31486E}.AppStore|x86.Deploy.0 = Release|x86
		{C51FA13F-DC29-422B-B9E0-93AA8B31486E}.Debug|Any CPU.ActiveCfg = Debug|x86
		{C51FA13F-DC29-422B-B9E0-93AA8B31486E}.Debug|Any CPU.Build.0 = Debug|x86
		{C51FA13F-DC29-422B-B9E0-93AA8B31486E}.Debug|Any CPU.Deploy.0 = Debug|x86
		{C51FA13F-DC29-422B-B9E0-93AA8B31486E}.Debug|ARM.ActiveCfg = Debug|ARM
		{C51FA13F-DC29-422B-B9E0-93AA8B31486E}.Debug|ARM.Build.0 = Debug|ARM
		{C51FA13F-DC29-422B-B9E0-93AA8B31486E}.Debug|ARM.Deploy.0 = Debug|ARM
		{C51FA13F-DC29-422B-B9E0-93AA8B31486E}.Debug|iPhone.ActiveCfg = Debug|x86
		{C51FA13F-DC29-422B-B9E0-93AA8B31486E}.Debug|iPhone.Build.0 = Debug|x86
		{C51FA13F-DC29-422B-B9E0-93AA8B31486E}.Debug|iPhone.Deploy.0 = Debug|x86
		{C51FA13F-DC29-422B-B9E0-93AA8B31486E}.Debug|iPhoneSimulator.ActiveCfg = Debug|x86
		{C51FA13F-DC29-422B-B9E0-93AA8B31486E}.Debug|iPhoneSimulator.Build.0 = Debug|x86
		{C51FA13F-DC29-422B-B9E0-93AA8B31486E}.Debug|iPhoneSimulator.Deploy.0 = Debug|x86
		{C51FA13F-DC29-422B-B9E0-93AA8B31486E}.Debug|x64.ActiveCfg = Debug|x64
		{C51FA13F-DC29-422B-B9E0-93AA8B31486E}.Debug|x64.Build.0 = Debug|x64
		{C51FA13F-DC29-422B-B9E0-93AA8B31486E}.Debug|x64.Deploy.0 = Debug|x64
		{C51FA13F-DC29-422B-B9E0-93AA8B31486E}.Debug|x86.ActiveCfg = Debug|x86
		{C51FA13F-DC29-422B-B9E0-93AA8B31486E}.Debug|x86.Build.0 = Debug|x86
		{C51FA13F-DC29-422B-B9E0-93AA8B31486E}.Debug|x86.Deploy.0 = Debug|x86
		{C51FA13F-DC29-422B-B9E0-93AA8B31486E}.Release|Any CPU.ActiveCfg = Release|x86
		{C51FA13F-DC29-422B-B9E0-93AA8B31486E}.Release|Any CPU.Build.0 = Release|x86
		{C51FA13F-DC29-422B-B9E0-93AA8B31486E}.Release|Any CPU.Deploy.0 = Release|x86
		{C51FA13F-DC29-422B-B9E0-93AA8B31486E}.Release|ARM.ActiveCfg = Release|ARM
		{C51FA13F-DC29-422B-B9E0-93AA8B31486E}.Release|ARM.Build.0 = Release|ARM
		{C51FA13F-DC29-422B-B9E0-93AA8B31486E}.Release|ARM.Deploy.0 = Release|ARM
		{C51FA13F-DC29-422B-B9E0-93AA8B31486E}.Release|iPhone.ActiveCfg = Release|x86
		{C51FA13F-DC29-422B-B9E0-93AA8B31486E}.Release|iPhone.Build.0 = Release|x86
		{C51FA13F-DC29-422B-B9E0-93AA8B31486E}.Release|iPhone.Deploy.0 = Release|x86
		{C51FA13F-DC29-422B-B9E0-93AA8B31486E}.Release|iPhoneSimulator.ActiveCfg = Release|x86
		{C51FA13F-DC29-422B-B9E0-93AA8B31486E}.Release|iPhoneSimulator.Build.0 = Release|x86
		{C51FA13F-DC29-422B-B9E0-93AA8B31486E}.Release|iPhoneSimulator.Deploy.0 = Release|x86
		{C51FA13F-DC29-422B-B9E0-93AA8B31486E}.Release|x64.ActiveCfg = Release|x64
		{C51FA13F-DC29-422B-B9E0-93AA8B31486E}.Release|x64.Build.0 = Release|x64
		{C51FA13F-DC29-422B-B9E0-93AA8B31486E}.Release|x64.Deploy.0 = Release|x64
		{C51FA13F-DC29-422B-B9E0-93AA8B31486E}.Release|x86.ActiveCfg = Release|x86
		{C51FA13F-DC29-422B-B9E0-93AA8B31486E}.Release|x86.Build.0 = Release|x86
		{C51FA13F-DC29-422B-B9E0-93AA8B31486E}.Release|x86.Deploy.0 = Release|x86
		{18E15476-0E7B-4E6A-97AF-3CA6EDB56015}.Ad-Hoc|Any CPU.ActiveCfg = Debug|Any CPU
		{18E15476-0E7B-4E6A-97AF-3CA6EDB56015}.Ad-Hoc|Any CPU.Build.0 = Debug|Any CPU
		{18E15476-0E7B-4E6A-97AF-3CA6EDB56015}.Ad-Hoc|Any CPU.Deploy.0 = Debug|Any CPU
		{18E15476-0E7B-4E6A-97AF-3CA6EDB56015}.Ad-Hoc|ARM.ActiveCfg = Debug|Any CPU
		{18E15476-0E7B-4E6A-97AF-3CA6EDB56015}.Ad-Hoc|ARM.Build.0 = Debug|Any CPU
		{18E15476-0E7B-4E6A-97AF-3CA6EDB56015}.Ad-Hoc|ARM.Deploy.0 = Debug|Any CPU
		{18E15476-0E7B-4E6A-97AF-3CA6EDB56015}.Ad-Hoc|iPhone.ActiveCfg = Debug|Any CPU
		{18E15476-0E7B-4E6A-97AF-3CA6EDB56015}.Ad-Hoc|iPhone.Build.0 = Debug|Any CPU
		{18E15476-0E7B-4E6A-97AF-3CA6EDB56015}.Ad-Hoc|iPhone.Deploy.0 = Debug|Any CPU
		{18E15476-0E7B-4E6A-97AF-3CA6EDB56015}.Ad-Hoc|iPhoneSimulator.ActiveCfg = Debug|Any CPU
		{18E15476-0E7B-4E6A-97AF-3CA6EDB56015}.Ad-Hoc|iPhoneSimulator.Build.0 = Debug|Any CPU
		{18E15476-0E7B-4E6A-97AF-3CA6EDB56015}.Ad-Hoc|iPhoneSimulator.Deploy.0 = Debug|Any CPU
		{18E15476-0E7B-4E6A-97AF-3CA6EDB56015}.Ad-Hoc|x64.ActiveCfg = Debug|Any CPU
		{18E15476-0E7B-4E6A-97AF-3CA6EDB56015}.Ad-Hoc|x64.Build.0 = Debug|Any CPU
		{18E15476-0E7B-4E6A-97AF-3CA6EDB56015}.Ad-Hoc|x64.Deploy.0 = Debug|Any CPU
		{18E15476-0E7B-4E6A-97AF-3CA6EDB56015}.Ad-Hoc|x86.ActiveCfg = Debug|Any CPU
		{18E15476-0E7B-4E6A-97AF-3CA6EDB56015}.Ad-Hoc|x86.Build.0 = Debug|Any CPU
		{18E15476-0E7B-4E6A-97AF-3CA6EDB56015}.Ad-Hoc|x86.Deploy.0 = Debug|Any CPU
		{18E15476-0E7B-4E6A-97AF-3CA6EDB56015}.AppStore|Any CPU.ActiveCfg = Debug|Any CPU
		{18E15476-0E7B-4E6A-97AF-3CA6EDB56015}.AppStore|Any CPU.Build.0 = Debug|Any CPU
		{18E15476-0E7B-4E6A-97AF-3CA6EDB56015}.AppStore|Any CPU.Deploy.0 = Debug|Any CPU
		{18E15476-0E7B-4E6A-97AF-3CA6EDB56015}.AppStore|ARM.ActiveCfg = Debug|Any CPU
		{18E15476-0E7B-4E6A-97AF-3CA6EDB56015}.AppStore|ARM.Build.0 = Debug|Any CPU
		{18E15476-0E7B-4E6A-97AF-3CA6EDB56015}.AppStore|ARM.Deploy.0 = Debug|Any CPU
		{18E15476-0E7B-4E6A-97AF-3CA6EDB56015}.AppStore|iPhone.ActiveCfg = Debug|Any CPU
		{18E15476-0E7B-4E6A-97AF-3CA6EDB56015}.AppStore|iPhone.Build.0 = Debug|Any CPU
		{18E15476-0E7B-4E6A-97AF-3CA6EDB56015}.AppStore|iPhone.Deploy.0 = Debug|Any CPU
		{18E15476-0E7B-4E6A-97AF-3CA6EDB56015}.AppStore|iPhoneSimulator.ActiveCfg = Debug|Any CPU
		{18E15476-0E7B-4E6A-97AF-3CA6EDB56015}.AppStore|iPhoneSimulator.Build.0 = Debug|Any CPU
		{18E15476-0E7B-4E6A-97AF-3CA6EDB56015}.AppStore|iPhoneSimulator.Deploy.0 = Debug|Any CPU
		{18E15476-0E7B-4E6A-97AF-3CA6EDB56015}.AppStore|x64.ActiveCfg = Debug|Any CPU
		{18E15476-0E7B-4E6A-97AF-3CA6EDB56015}.AppStore|x64.Build.0 = Debug|Any CPU
		{18E15476-0E7B-4E6A-97AF-3CA6EDB56015}.AppStore|x64.Deploy.0 = Debug|Any CPU
		{18E15476-0E7B-4E6A-97AF-3CA6EDB56015}.AppStore|x86.ActiveCfg = Debug|Any CPU
		{18E15476-0E7B-4E6A-97AF-3CA6EDB56015}.AppStore|x86.Build.0 = Debug|Any CPU
		{18E15476-0E7B-4E6A-97AF-3CA6EDB56015}.AppStore|x86.Deploy.0 = Debug|Any CPU
		{18E15476-0E7B-4E6A-97AF-3CA6EDB56015}.Debug|Any CPU.ActiveCfg = Debug|Any CPU
		{18E15476-0E7B-4E6A-97AF-3CA6EDB56015}.Debug|Any CPU.Build.0 = Debug|Any CPU
		{18E15476-0E7B-4E6A-97AF-3CA6EDB56015}.Debug|Any CPU.Deploy.0 = Debug|Any CPU
		{18E15476-0E7B-4E6A-97AF-3CA6EDB56015}.Debug|ARM.ActiveCfg = Debug|Any CPU
		{18E15476-0E7B-4E6A-97AF-3CA6EDB56015}.Debug|ARM.Build.0 = Debug|Any CPU
		{18E15476-0E7B-4E6A-97AF-3CA6EDB56015}.Debug|ARM.Deploy.0 = Debug|Any CPU
		{18E15476-0E7B-4E6A-97AF-3CA6EDB56015}.Debug|iPhone.ActiveCfg = Debug|Any CPU
		{18E15476-0E7B-4E6A-97AF-3CA6EDB56015}.Debug|iPhone.Build.0 = Debug|Any CPU
		{18E15476-0E7B-4E6A-97AF-3CA6EDB56015}.Debug|iPhone.Deploy.0 = Debug|Any CPU
		{18E15476-0E7B-4E6A-97AF-3CA6EDB56015}.Debug|iPhoneSimulator.ActiveCfg = Debug|Any CPU
		{18E15476-0E7B-4E6A-97AF-3CA6EDB56015}.Debug|iPhoneSimulator.Build.0 = Debug|Any CPU
		{18E15476-0E7B-4E6A-97AF-3CA6EDB56015}.Debug|iPhoneSimulator.Deploy.0 = Debug|Any CPU
		{18E15476-0E7B-4E6A-97AF-3CA6EDB56015}.Debug|x64.ActiveCfg = Debug|Any CPU
		{18E15476-0E7B-4E6A-97AF-3CA6EDB56015}.Debug|x64.Build.0 = Debug|Any CPU
		{18E15476-0E7B-4E6A-97AF-3CA6EDB56015}.Debug|x64.Deploy.0 = Debug|Any CPU
		{18E15476-0E7B-4E6A-97AF-3CA6EDB56015}.Debug|x86.ActiveCfg = Debug|Any CPU
		{18E15476-0E7B-4E6A-97AF-3CA6EDB56015}.Debug|x86.Build.0 = Debug|Any CPU
		{18E15476-0E7B-4E6A-97AF-3CA6EDB56015}.Debug|x86.Deploy.0 = Debug|Any CPU
		{18E15476-0E7B-4E6A-97AF-3CA6EDB56015}.Release|Any CPU.ActiveCfg = Release|Any CPU
		{18E15476-0E7B-4E6A-97AF-3CA6EDB56015}.Release|Any CPU.Build.0 = Release|Any CPU
		{18E15476-0E7B-4E6A-97AF-3CA6EDB56015}.Release|Any CPU.Deploy.0 = Release|Any CPU
		{18E15476-0E7B-4E6A-97AF-3CA6EDB56015}.Release|ARM.ActiveCfg = Release|Any CPU
		{18E15476-0E7B-4E6A-97AF-3CA6EDB56015}.Release|ARM.Build.0 = Release|Any CPU
		{18E15476-0E7B-4E6A-97AF-3CA6EDB56015}.Release|ARM.Deploy.0 = Release|Any CPU
		{18E15476-0E7B-4E6A-97AF-3CA6EDB56015}.Release|iPhone.ActiveCfg = Release|Any CPU
		{18E15476-0E7B-4E6A-97AF-3CA6EDB56015}.Release|iPhone.Build.0 = Release|Any CPU
		{18E15476-0E7B-4E6A-97AF-3CA6EDB56015}.Release|iPhone.Deploy.0 = Release|Any CPU
		{18E15476-0E7B-4E6A-97AF-3CA6EDB56015}.Release|iPhoneSimulator.ActiveCfg = Release|Any CPU
		{18E15476-0E7B-4E6A-97AF-3CA6EDB56015}.Release|iPhoneSimulator.Build.0 = Release|Any CPU
		{18E15476-0E7B-4E6A-97AF-3CA6EDB56015}.Release|iPhoneSimulator.Deploy.0 = Release|Any CPU
		{18E15476-0E7B-4E6A-97AF-3CA6EDB56015}.Release|x64.ActiveCfg = Release|Any CPU
		{18E15476-0E7B-4E6A-97AF-3CA6EDB56015}.Release|x64.Build.0 = Release|Any CPU
		{18E15476-0E7B-4E6A-97AF-3CA6EDB56015}.Release|x64.Deploy.0 = Release|Any CPU
		{18E15476-0E7B-4E6A-97AF-3CA6EDB56015}.Release|x86.ActiveCfg = Release|Any CPU
		{18E15476-0E7B-4E6A-97AF-3CA6EDB56015}.Release|x86.Build.0 = Release|Any CPU
		{18E15476-0E7B-4E6A-97AF-3CA6EDB56015}.Release|x86.Deploy.0 = Release|Any CPU
	EndGlobalSection
	GlobalSection(SolutionProperties) = preSolution
		HideSolutionNode = FALSE
	EndGlobalSection
	GlobalSection(ExtensibilityGlobals) = postSolution
		SolutionGuid = {FA3E1B5C-DA16-4712-9302-1473BFE1CC7A}
	EndGlobalSection
EndGlobal
